
Microsoft Visual Studio Solution File, Format Version 12.00
# Visual Studio Version 17
VisualStudioVersion = 17.3.32922.545
MinimumVisualStudioVersion = 10.0.40219.1
Project("{FAE04EC0-301F-11D3-BF4B-00C04F79EFBC}") = "ClosestHeight", "ClosestHeight\ClosestHeight.csproj", "{E6E08439-DBD3-4CA3-ACE0-FE467ABA0AEA}"
EndProject
Global
	GlobalSection(SolutionConfigurationPlatforms) = preSolution
		Debug|Any CPU = Debug|Any CPU
		Release|Any CPU = Release|Any CPU
	EndGlobalSection
	GlobalSection(ProjectConfigurationPlatforms) = postSolution
		{E6E08439-DBD3-4CA3-ACE0-FE467ABA0AEA}.Debug|Any CPU.ActiveCfg = Debug|Any CPU
		{E6E08439-DBD3-4CA3-ACE0-FE467ABA0AEA}.Debug|Any CPU.Build.0 = Debug|Any CPU
		{E6E08439-DBD3-4CA3-ACE0-FE467ABA0AEA}.Release|Any CPU.ActiveCfg = Release|Any CPU
		{E6E08439-DBD3-4CA3-ACE0-FE467ABA0AEA}.Release|Any CPU.Build.0 = Release|Any CPU
	EndGlobalSection
	GlobalSection(SolutionProperties) = preSolution
		HideSolutionNode = FALSE
	EndGlobalSection
	GlobalSection(ExtensibilityGlobals) = postSolution
		SolutionGuid = {F9FEDDF4-2B4F-49CC-8376-CE6B2440A24C}
	EndGlobalSection
EndGlobal
